
Microsoft Visual Studio Solution File, Format Version 12.00
# Visual Studio Version 17
VisualStudioVersion = 17.7.34031.279
MinimumVisualStudioVersion = 10.0.40219.1
Project("{FAE04EC0-301F-11D3-BF4B-00C04F79EFBC}") = "ShopOnline.Web", "ShopOnline.Web\ShopOnline.Web.csproj", "{6DB1787B-9507-4185-A9A9-56F27E534916}"
EndProject
Project("{FAE04EC0-301F-11D3-BF4B-00C04F79EFBC}") = "ShopOnline.Api", "ShopOnline.Api\ShopOnline.Api.csproj", "{2561FD24-DB71-4207-8622-DE281FA0324B}"
EndProject
Global
	GlobalSection(SolutionConfigurationPlatforms) = preSolution
		Debug|Any CPU = Debug|Any CPU
		Release|Any CPU = Release|Any CPU
	EndGlobalSection
	GlobalSection(ProjectConfigurationPlatforms) = postSolution
		{6DB1787B-9507-4185-A9A9-56F27E534916}.Debug|Any CPU.ActiveCfg = Debug|Any CPU
		{6DB1787B-9507-4185-A9A9-56F27E534916}.Debug|Any CPU.Build.0 = Debug|Any CPU
		{6DB1787B-9507-4185-A9A9-56F27E534916}.Release|Any CPU.ActiveCfg = Release|Any CPU
		{6DB1787B-9507-4185-A9A9-56F27E534916}.Release|Any CPU.Build.0 = Release|Any CPU
		{2561FD24-DB71-4207-8622-DE281FA0324B}.Debug|Any CPU.ActiveCfg = Debug|Any CPU
		{2561FD24-DB71-4207-8622-DE281FA0324B}.Debug|Any CPU.Build.0 = Debug|Any CPU
		{2561FD24-DB71-4207-8622-DE281FA0324B}.Release|Any CPU.ActiveCfg = Release|Any CPU
		{2561FD24-DB71-4207-8622-DE281FA0324B}.Release|Any CPU.Build.0 = Release|Any CPU
	EndGlobalSection
	GlobalSection(SolutionProperties) = preSolution
		HideSolutionNode = FALSE
	EndGlobalSection
	GlobalSection(ExtensibilityGlobals) = postSolution
		SolutionGuid = {8967E29E-BB2C-4620-97A9-A77452179AB1}
	EndGlobalSection
EndGlobal
